
Microsoft Visual Studio Solution File, Format Version 12.00
# Visual Studio Version 16
VisualStudioVersion = 16.0.28803.156
MinimumVisualStudioVersion = 10.0.40219.1
Project("{FAE04EC0-301F-11D3-BF4B-00C04F79EFBC}") = "projekt 2.0", "projekt\projekt 2.0.csproj", "{7B3230CE-4DDE-4A04-8D3E-E27B134C956F}"
EndProject
Global
	GlobalSection(SolutionConfigurationPlatforms) = preSolution
		Debug|Any CPU = Debug|Any CPU
		Release|Any CPU = Release|Any CPU
	EndGlobalSection
	GlobalSection(ProjectConfigurationPlatforms) = postSolution
		{7B3230CE-4DDE-4A04-8D3E-E27B134C956F}.Debug|Any CPU.ActiveCfg = Debug|Any CPU
		{7B3230CE-4DDE-4A04-8D3E-E27B134C956F}.Debug|Any CPU.Build.0 = Debug|Any CPU
		{7B3230CE-4DDE-4A04-8D3E-E27B134C956F}.Release|Any CPU.ActiveCfg = Release|Any CPU
		{7B3230CE-4DDE-4A04-8D3E-E27B134C956F}.Release|Any CPU.Build.0 = Release|Any CPU
	EndGlobalSection
	GlobalSection(SolutionProperties) = preSolution
		HideSolutionNode = FALSE
	EndGlobalSection
	GlobalSection(ExtensibilityGlobals) = postSolution
		SolutionGuid = {0649950F-E3C1-4D2F-9545-391B1DB66141}
	EndGlobalSection
EndGlobal
